{
  "nodes": {
    "nix-environments": {
      "inputs": {
        "nixpkgs": "nixpkgs"
      },
      "locked": {
        "lastModified": 1716177174,
        "narHash": "sha256-lUA9UcS71lOaRHmOTOXXFPKnmXNDTiGFGLy83coVb+I=",
        "owner": "nix-community",
        "repo": "nix-environments",
        "rev": "6564bb76130c5f6d4b3c460f41e78a2db7ecf883",
        "type": "github"
      },
      "original": {
        "owner": "nix-community",
        "repo": "nix-environments",
        "type": "github"
      }
    },
    "nixpkgs": {
      "locked": {
        "lastModified": 0,
        "narHash": "sha256-TIScFAVdI2yuybMxxNjC4YZ/j++c64wwuKbpnZnGiyU=",
        "path": "/nix/store/9nm6szsxhnxl1rla5w4jmdd9iwhhaj8a-source",
        "type": "path"
      },
      "original": {
        "id": "nixpkgs",
        "type": "indirect"
      }
    },
    "nixpkgs_2": {
      "locked": {
        "lastModified": 1751949589,
        "narHash": "sha256-mgFxAPLWw0Kq+C8P3dRrZrOYEQXOtKuYVlo9xvPntt8=",
        "owner": "NixOS",
        "repo": "nixpkgs",
        "rev": "9b008d60392981ad674e04016d25619281550a9d",
        "type": "github"
      },
      "original": {
        "owner": "NixOS",
        "ref": "nixpkgs-unstable",
        "repo": "nixpkgs",
        "type": "github"
      }
    },
    "root": {
      "inputs": {
        "nix-environments": "nix-environments",
        "nixpkgs": "nixpkgs_2"
      }
    }
  },
  "root": "root",
  "version": 7
}
